
Microsoft Visual Studio Solution File, Format Version 11.00
# Visual Studio 2010
Project("{FAE04EC0-301F-11D3-BF4B-00C04F79EFBC}") = "LogInForm", "LogInForm\LogInForm.csproj", "{77AC34B8-52A6-4835-B406-7E8A89165AF3}"
EndProject
Global
	GlobalSection(SolutionConfigurationPlatforms) = preSolution
		Debug|x86 = Debug|x86
		Release|x86 = Release|x86
	EndGlobalSection
	GlobalSection(ProjectConfigurationPlatforms) = postSolution
		{77AC34B8-52A6-4835-B406-7E8A89165AF3}.Debug|x86.ActiveCfg = Debug|x86
		{77AC34B8-52A6-4835-B406-7E8A89165AF3}.Debug|x86.Build.0 = Debug|x86
		{77AC34B8-52A6-4835-B406-7E8A89165AF3}.Release|x86.ActiveCfg = Release|x86
		{77AC34B8-52A6-4835-B406-7E8A89165AF3}.Release|x86.Build.0 = Release|x86
	EndGlobalSection
	GlobalSection(SolutionProperties) = preSolution
		HideSolutionNode = FALSE
	EndGlobalSection
EndGlobal
